
Microsoft Visual Studio Solution File, Format Version 12.00
# Visual Studio Version 16
VisualStudioVersion = 16.0.31205.134
MinimumVisualStudioVersion = 10.0.40219.1
Project("{FAE04EC0-301F-11D3-BF4B-00C04F79EFBC}") = "Recipe Book", "Recipe Book\Recipe Book.csproj", "{544686C6-3A77-4F0B-90E5-7F1ED693B97D}"
EndProject
Global
	GlobalSection(SolutionConfigurationPlatforms) = preSolution
		Debug|Any CPU = Debug|Any CPU
		Release|Any CPU = Release|Any CPU
	EndGlobalSection
	GlobalSection(ProjectConfigurationPlatforms) = postSolution
		{544686C6-3A77-4F0B-90E5-7F1ED693B97D}.Debug|Any CPU.ActiveCfg = Debug|Any CPU
		{544686C6-3A77-4F0B-90E5-7F1ED693B97D}.Debug|Any CPU.Build.0 = Debug|Any CPU
		{544686C6-3A77-4F0B-90E5-7F1ED693B97D}.Release|Any CPU.ActiveCfg = Release|Any CPU
		{544686C6-3A77-4F0B-90E5-7F1ED693B97D}.Release|Any CPU.Build.0 = Release|Any CPU
	EndGlobalSection
	GlobalSection(SolutionProperties) = preSolution
		HideSolutionNode = FALSE
	EndGlobalSection
	GlobalSection(ExtensibilityGlobals) = postSolution
		SolutionGuid = {2AAEEC5F-2A27-41B5-852E-F30A1F7FBBDD}
	EndGlobalSection
EndGlobal
